
Microsoft Visual Studio Solution File, Format Version 12.00
# Visual Studio Version 17
VisualStudioVersion = 17.7.34031.279
MinimumVisualStudioVersion = 10.0.40219.1
Project("{FAE04EC0-301F-11D3-BF4B-00C04F79EFBC}") = "ClienteRazor", "ClienteRazor\ClienteRazor.csproj", "{AC98D225-98D5-435E-AAC8-6E3C7FDD26DE}"
EndProject
Global
	GlobalSection(SolutionConfigurationPlatforms) = preSolution
		Debug|Any CPU = Debug|Any CPU
		Release|Any CPU = Release|Any CPU
	EndGlobalSection
	GlobalSection(ProjectConfigurationPlatforms) = postSolution
		{AC98D225-98D5-435E-AAC8-6E3C7FDD26DE}.Debug|Any CPU.ActiveCfg = Debug|Any CPU
		{AC98D225-98D5-435E-AAC8-6E3C7FDD26DE}.Debug|Any CPU.Build.0 = Debug|Any CPU
		{AC98D225-98D5-435E-AAC8-6E3C7FDD26DE}.Release|Any CPU.ActiveCfg = Release|Any CPU
		{AC98D225-98D5-435E-AAC8-6E3C7FDD26DE}.Release|Any CPU.Build.0 = Release|Any CPU
	EndGlobalSection
	GlobalSection(SolutionProperties) = preSolution
		HideSolutionNode = FALSE
	EndGlobalSection
	GlobalSection(ExtensibilityGlobals) = postSolution
		SolutionGuid = {B9B0DF06-FED7-4D2E-8A0A-0E29032DB444}
	EndGlobalSection
EndGlobal
